
Microsoft Visual Studio Solution File, Format Version 12.00
# Visual Studio Version 16
VisualStudioVersion = 16.0.32002.261
MinimumVisualStudioVersion = 10.0.40219.1
Project("{9A19103F-16F7-4668-BE54-9A1E7A4F7556}") = "WebBanDoDienTu", "WebBanDoDienTu\WebBanDoDienTu.csproj", "{9718FC34-CF72-43BC-90C0-881D14B4B37F}"
EndProject
Global
	GlobalSection(SolutionConfigurationPlatforms) = preSolution
		Debug|Any CPU = Debug|Any CPU
		Release|Any CPU = Release|Any CPU
	EndGlobalSection
	GlobalSection(ProjectConfigurationPlatforms) = postSolution
		{9718FC34-CF72-43BC-90C0-881D14B4B37F}.Debug|Any CPU.ActiveCfg = Debug|Any CPU
		{9718FC34-CF72-43BC-90C0-881D14B4B37F}.Debug|Any CPU.Build.0 = Debug|Any CPU
		{9718FC34-CF72-43BC-90C0-881D14B4B37F}.Release|Any CPU.ActiveCfg = Release|Any CPU
		{9718FC34-CF72-43BC-90C0-881D14B4B37F}.Release|Any CPU.Build.0 = Release|Any CPU
	EndGlobalSection
	GlobalSection(SolutionProperties) = preSolution
		HideSolutionNode = FALSE
	EndGlobalSection
	GlobalSection(ExtensibilityGlobals) = postSolution
		SolutionGuid = {DA251F01-1037-41E8-A4FF-CB6D5A2EE988}
	EndGlobalSection
EndGlobal
